[[plugin]]
id = "dancing_banana_test"
version = "0.1.0"
source = "local"
checksum = "sha256:30f05dcf0170b49ad8f34c4eb1c0a142f7ea4cdb2731245a3bc2d1e2b2047750"

[[plugin]]
id = "file_explorer"
version = "0.1.0"
source = "local"
checksum = "sha256:f47525e9bb4dab81512d124e7dcfd0c5d0d19fe0dca6153e7ee2d2c476bf4e62"

[[plugin]]
id = "foo_demo"
version = "0.1.0"
source = "local"
checksum = "sha256:c7f510722146ed53b4c166b1f694841ccd5205bf09bb5e8d8f03a2e98d46d854"

[[plugin]]
id = "regions_demo"
version = "0.0.1"
source = "local"
checksum = "sha256:61b72e5b613194c5e8bbd197765bcb9add5512d181a88a4d3a18bde6d3161db2"

[[plugin]]
id = "repository_info"
version = "0.1.0"
source = "local"
checksum = "sha256:6b808ead7bc17bc4b8cab46e537ac15a5d4b1393bb223ed97f599dbc19446ad4"

[[plugin]]
id = "tablist_demo"
version = "0.0.1"
source = "local"
checksum = "sha256:978bbc931d1930f093d25d344e39f0d133cb0c01e77043e54fba436b0beb45d4"

[[plugin]]
id = "terminal"
version = "0.1.0"
source = "local"
checksum = "sha256:543d1e4fcbffb31f05eb911ad8c867d370354261ded35bf5038ae4fe1e6efbc5"
